
Microsoft Visual Studio Solution File, Format Version 12.00
# Visual Studio Version 17
VisualStudioVersion = 17.13.35931.197 d17.13
MinimumVisualStudioVersion = 10.0.40219.1
Project("{FAE04EC0-301F-11D3-BF4B-00C04F79EFBC}") = "BookManagement", "BookManagement\BookManagement.csproj", "{2C5295D5-E469-47DB-9BE3-FB17E8BF7037}"
EndProject
Global
	GlobalSection(SolutionConfigurationPlatforms) = preSolution
		Debug|Any CPU = Debug|Any CPU
		Release|Any CPU = Release|Any CPU
	EndGlobalSection
	GlobalSection(ProjectConfigurationPlatforms) = postSolution
		{2C5295D5-E469-47DB-9BE3-FB17E8BF7037}.Debug|Any CPU.ActiveCfg = Debug|Any CPU
		{2C5295D5-E469-47DB-9BE3-FB17E8BF7037}.Debug|Any CPU.Build.0 = Debug|Any CPU
		{2C5295D5-E469-47DB-9BE3-FB17E8BF7037}.Release|Any CPU.ActiveCfg = Release|Any CPU
		{2C5295D5-E469-47DB-9BE3-FB17E8BF7037}.Release|Any CPU.Build.0 = Release|Any CPU
	EndGlobalSection
	GlobalSection(SolutionProperties) = preSolution
		HideSolutionNode = FALSE
	EndGlobalSection
	GlobalSection(ExtensibilityGlobals) = postSolution
		SolutionGuid = {FA4065C9-632B-463A-B19F-95195893C5BA}
	EndGlobalSection
EndGlobal
