
Microsoft Visual Studio Solution File, Format Version 12.00
# Visual Studio Version 17
VisualStudioVersion = 17.13.36105.23 d17.13
MinimumVisualStudioVersion = 10.0.40219.1
Project("{FAE04EC0-301F-11D3-BF4B-00C04F79EFBC}") = "CountryInfoExplorer", "CountryInfoExplorer\CountryInfoExplorer.csproj", "{79B09D9C-A146-4083-BF4C-9D61FF772E2F}"
EndProject
Global
	GlobalSection(SolutionConfigurationPlatforms) = preSolution
		Debug|Any CPU = Debug|Any CPU
		Release|Any CPU = Release|Any CPU
	EndGlobalSection
	GlobalSection(ProjectConfigurationPlatforms) = postSolution
		{79B09D9C-A146-4083-BF4C-9D61FF772E2F}.Debug|Any CPU.ActiveCfg = Debug|Any CPU
		{79B09D9C-A146-4083-BF4C-9D61FF772E2F}.Debug|Any CPU.Build.0 = Debug|Any CPU
		{79B09D9C-A146-4083-BF4C-9D61FF772E2F}.Release|Any CPU.ActiveCfg = Release|Any CPU
		{79B09D9C-A146-4083-BF4C-9D61FF772E2F}.Release|Any CPU.Build.0 = Release|Any CPU
	EndGlobalSection
	GlobalSection(SolutionProperties) = preSolution
		HideSolutionNode = FALSE
	EndGlobalSection
	GlobalSection(ExtensibilityGlobals) = postSolution
		SolutionGuid = {AB98D85D-1298-46C6-90D4-B65238BFEA0D}
	EndGlobalSection
EndGlobal
